version = 1
revision = 3
requires-python = ">=3.14"

[[package]]
name = "busy-term-daemon"
version = "0.1.0"
source = { virtual = "." }
dependencies = [
    { name = "iterm2" },
]

[package.metadata]
requires-dist = [{ name = "iterm2", specifier = ">=2.20" }]

[[package]]
name = "iterm2"
version = "2.20"
source = { registry = "https://pypi.tuna.tsinghua.edu.cn/simple" }
dependencies = [
    { name = "protobuf" },
    { name = "websockets" },
]
sdist = { url = "https://pypi.tuna.tsinghua.edu.cn/packages/4f/fb/258e7e3bfcacf9cdfc378ae4ee2aca743dbccd6a12ffceee12957f67dff3/iterm2-2.20.tar.gz", hash = "sha256:168d3807cd58b3e678476852be2bb4a5cd89f008d95e37d2777d9810731cff08", size = 182507, upload-time = "2026-06-04T02:01:09.76Z" }
wheels = [
    { url = "https://pypi.tuna.tsinghua.edu.cn/packages/64/6d/be0b4215579171cbf07ed89561c39ef5e2d17d0947480161338999aafeed/iterm2-2.20-py3-none-any.whl", hash = "sha256:b7bfe91146a96fafdb04f47291f51c83ccc3b31c01769637e029f6383c015e76", size = 188520, upload-time = "2026-06-04T02:01:08.359Z" },
]

[[package]]
name = "protobuf"
version = "7.35.1"
source = { registry = "https://pypi.tuna.tsinghua.edu.cn/simple" }
sdist = { url = "https://pypi.tuna.tsinghua.edu.cn/packages/da/01/9ef0afd7999eb9badb3a768b4aedd78c86d4c65cfaf1958ab276199e76b4/protobuf-7.35.1.tar.gz", hash = "sha256:ce115a26fe0c39a2c29973d914d327e516a6455464489fe3cd1e51a1b354f81a", size = 458717, upload-time = "2026-06-11T21:55:40.257Z" }
wheels = [
    { url = "https://pypi.tuna.tsinghua.edu.cn/packages/10/03/8aeeb7458d22546bf64b5250ca1daeb5ff757d900e8e4a7476c6f0db843e/protobuf-7.35.1-cp310-abi3-macosx_10_9_universal2.whl", hash = "sha256:24f857477359a85c0c235261b8ba905fd51b2562f4a64ca1df5473f29850cbf6", size = 433226, upload-time = "2026-06-11T21:55:31.719Z" },
    { url = "https://pypi.tuna.tsinghua.edu.cn/packages/37/4b/dfb89eb0e652a1ff073c39a59fb5e3a83cfe9b57a2c83fa6d78270101767/protobuf-7.35.1-cp310-abi3-manylinux2014_aarch64.whl", hash = "sha256:11d6b0ec246892d85215b0a13ca6e0233cf5284b68f0ac02646427f4ff88a799", size = 328847, upload-time = "2026-06-11T21:55:34.035Z" },
    { url = "https://pypi.tuna.tsinghua.edu.cn/packages/0f/58/dc12f2cd484951524af6e3382c785869b9b3fb5e52ee95ae23add53ee8f9/protobuf-7.35.1-cp310-abi3-manylinux2014_s390x.whl", hash = "sha256:b73f9489a4b8b1c9cb1f8ed951c736392592edb24b9d6819f36d2e10b171d5b4", size = 344030, upload-time = "2026-06-11T21:55:34.941Z" },
    { url = "https://pypi.tuna.tsinghua.edu.cn/packages/e4/be/5b3cfe508bfab6761414ff944e3366eb13be4fd71efcd69450f89ba39f43/protobuf-7.35.1-cp310-abi3-manylinux2014_x86_64.whl", hash = "sha256:74758715c53d7158fb76caf4f0cfdacc5329a4b1bb994f865d6cf302d413a1c4", size = 327130, upload-time = "2026-06-11T21:55:35.921Z" },
    { url = "https://pypi.tuna.tsinghua.edu.cn/packages/d8/bc/6d6c7ba8709c85f8f2c390b2b118d6fb08a783676a572271851bf45a7d22/protobuf-7.35.1-cp310-abi3-win32.whl", hash = "sha256:353652e4efd0bca5b5fc2656abf8307ef351f0cf938c9eba09f0e09c20a25c30", size = 428945, upload-time = "2026-06-11T21:55:37.034Z" },
    { url = "https://pypi.tuna.tsinghua.edu.cn/packages/0a/19/8d0cb6f20a1ef7b18f1c8986ad5783f22f84cce39c6ce9a6e645ea55192e/protobuf-7.35.1-cp310-abi3-win_amd64.whl", hash = "sha256:230a75ddfc2de4806e56696ce9640c1cdfdb6543b7cfce98d42a4c0a0e7bdb87", size = 439996, upload-time = "2026-06-11T21:55:38.123Z" },
    { url = "https://pypi.tuna.tsinghua.edu.cn/packages/19/c7/5f7c636ec43e0c545e28d1f1db71990108306f7bdcb89f069ba97e428e7f/protobuf-7.35.1-py3-none-any.whl", hash = "sha256:4bc97768d8fe4ad6743c8a19403e314511ed9f6d13205b687e52421c023ac1b9", size = 171659, upload-time = "2026-06-11T21:55:39.155Z" },
]

[[package]]
name = "websockets"
version = "16.1"
source = { registry = "https://pypi.tuna.tsinghua.edu.cn/simple" }
sdist = { url = "https://pypi.tuna.tsinghua.edu.cn/packages/8c/02/b9a097e1e16fee4e2fd1ec8c39f6a9c5d6257bae8fa12640caf869f54436/websockets-16.1.tar.gz", hash = "sha256:299468cbe42e2b9981134c7c51d99387d8a7bf562b00183b3eec53f882846dad", size = 182530, upload-time = "2026-07-10T06:32:57.734Z" }
wheels = [
    { url = "https://pypi.tuna.tsinghua.edu.cn/packages/8d/e6/da1dc11507f8118145a81c751fe0c77e5e1c11b8554496addb39389e2dc2/websockets-16.1-cp314-cp314-macosx_10_15_universal2.whl", hash = "sha256:f881fca0a45dd6789939bd6637cd98169b92f1c3fdc78262f2cb9ec2cb1f324e", size = 179833, upload-time = "2026-07-10T06:31:58.19Z" },
    { url = "https://pypi.tuna.tsinghua.edu.cn/packages/6e/ac/c0d46f62e31e232487b2c123bc3cfd9a4e45684ca7dc0c37f0987f29baae/websockets-16.1-cp314-cp314-macosx_10_15_x86_64.whl", hash = "sha256:30c379d5b207d3a7f0ba4c2e4602a895b0bcc63fb5f5371a4ae7fbddb03b672b", size = 177524, upload-time = "2026-07-10T06:31:59.563Z" },
    { url = "https://pypi.tuna.tsinghua.edu.cn/packages/4a/33/abd966074b34a51e4f134e0aaed80f5a4a0a35163ea5ac58a1bc5a076d23/websockets-16.1-cp314-cp314-macosx_11_0_arm64.whl", hash = "sha256:98ab58a4faa72b46da0127ccc1931dcbfc0985b0778892300a092185910c4cbe", size = 177743, upload-time = "2026-07-10T06:32:00.959Z" },
    { url = "https://pypi.tuna.tsinghua.edu.cn/packages/ea/30/646e47b8a8dff04e227bdab512e6dde60663a647eeac7bbd6edddd92bbc5/websockets-16.1-cp314-cp314-manylinux1_x86_64.manylinux_2_28_x86_64.manylinux_2_5_x86_64.whl", hash = "sha256:8e9c4e369fc181b2d41a99e01477215cecdc8546a39f7d41a59cc0a7065a0b09", size = 187474, upload-time = "2026-07-10T06:32:02.54Z" },
    { url = "https://pypi.tuna.tsinghua.edu.cn/packages/d2/72/890ab9d77494af93ea65268230bfbc0a90ba789401ed7a44356a44785644/websockets-16.1-cp314-cp314-manylinux2014_aarch64.manylinux_2_17_aarch64.manylinux_2_28_aarch64.whl", hash = "sha256:0704df094b2d5fa7f6f410925a594c2a5c9a09167731a76292e5410934208209", size = 188717, upload-time = "2026-07-10T06:32:04.156Z" },
    { url = "https://pypi.tuna.tsinghua.edu.cn/packages/d5/aa/baedbbaa6bf9ed6029617ed5e8976535bd805f483ca9b3484e7ad9ee08bf/websockets-16.1-cp314-cp314-manylinux2014_armv7l.manylinux_2_17_armv7l.manylinux_2_31_armv7l.whl", hash = "sha256:b22b1f4950f6ab7126623329c3b47b3b90a14c05db517f2db2a026ad6c928352", size = 190090, upload-time = "2026-07-10T06:32:05.822Z" },
    { url = "https://pypi.tuna.tsinghua.edu.cn/packages/52/4f/d813ec94e18002571ef4959d87a630eff6e01b72a51bcb0832b75ae8c51a/websockets-16.1-cp314-cp314-manylinux2014_ppc64le.manylinux_2_17_ppc64le.manylinux_2_28_ppc64le.whl", hash = "sha256:1ae4a686a662964a6671069f84f7f908cc3475e782227726b0c622c715962105", size = 189320, upload-time = "2026-07-10T06:32:07.223Z" },
    { url = "https://pypi.tuna.tsinghua.edu.cn/packages/b8/3c/8ec52a6662f3df64090fba28cd521d405d54759268d8e820477037e8c80d/websockets-16.1-cp314-cp314-manylinux2014_s390x.manylinux_2_17_s390x.manylinux_2_28_s390x.whl", hash = "sha256:856bdd638f8277f86465057bfdd4da097c73058fb0f9d2bd5baea29e2bf2d367", size = 188068, upload-time = "2026-07-10T06:32:08.586Z" },
    { url = "https://pypi.tuna.tsinghua.edu.cn/packages/96/7f/f0ae6042b14f86fa5f996c6563ea4cf107adc036ccbedc9d4f418d0095f9/websockets-16.1-cp314-cp314-manylinux_2_31_riscv64.manylinux_2_39_riscv64.whl", hash = "sha256:9003a1fde1c21a322a3ca3fa0c4bda8c639da81dbc925162766086643b05ba87", size = 185493, upload-time = "2026-07-10T06:32:09.968Z" },
    { url = "https://pypi.tuna.tsinghua.edu.cn/packages/89/ad/5ffc53af9939c49fd653d147fa5b8f78ced1f6bce6c49a7446860945b0ce/websockets-16.1-cp314-cp314-musllinux_1_2_aarch64.whl", hash = "sha256:39e947b1f5fdab045174306e3916785bf3ed537648acc1549827c08c33b10953", size = 188141, upload-time = "2026-07-10T06:32:11.434Z" },
    { url = "https://pypi.tuna.tsinghua.edu.cn/packages/67/62/729206c0ee577a4db8eae6dd06e0eef725a1287c6df11b2ef831d003df31/websockets-16.1-cp314-cp314-musllinux_1_2_armv7l.whl", hash = "sha256:5dd0e666b5931c0509cf65714686a1c5126771e663a79ac5d40da4f58b1f9502", size = 186653, upload-time = "2026-07-10T06:32:12.845Z" },
    { url = "https://pypi.tuna.tsinghua.edu.cn/packages/1b/86/e8806a99ec4589914f255e6b658853fe537bf359c05e6ba5762ad9c27917/websockets-16.1-cp314-cp314-musllinux_1_2_ppc64le.whl", hash = "sha256:a0285df7925657ad65a65fb8dc330808bce082827538fd50ef45fa12d1fc5bca", size = 188614, upload-time = "2026-07-10T06:32:14.236Z" },
    { url = "https://pypi.tuna.tsinghua.edu.cn/packages/89/38/ac554e2fc6ff0b8deeff9798b92e7abd8f99e2bd9731532e7033de208220/websockets-16.1-cp314-cp314-musllinux_1_2_riscv64.whl", hash = "sha256:82d1c2cab3c133e9d059b3a5420bed9376bd30e21c185c63dda4ddadf6ddda47", size = 186165, upload-time = "2026-07-10T06:32:15.626Z" },
    { url = "https://pypi.tuna.tsinghua.edu.cn/packages/6c/c5/4ef4d8e53342f94f3c49e1ae089b32c1e8b3878e15e0022c7708c647f351/websockets-16.1-cp314-cp314-musllinux_1_2_s390x.whl", hash = "sha256:c39907f1eaf11f6277def65aa02d68f30576b693d0c1ca332aafa3caa723ac6d", size = 187119, upload-time = "2026-07-10T06:32:17.114Z" },
    { url = "https://pypi.tuna.tsinghua.edu.cn/packages/3a/33/4788b1dd417bd97eeb2698af3b9df6775ac656f96e9987da0419a067602f/websockets-16.1-cp314-cp314-musllinux_1_2_x86_64.whl", hash = "sha256:45c5ea55446171949eb99fd34b771ceddd511ca21958d40d0197ced33159e5ee", size = 187411, upload-time = "2026-07-10T06:32:18.629Z" },
    { url = "https://pypi.tuna.tsinghua.edu.cn/packages/30/38/00d37aad6dc3244ce349e2864815362e50b3cfc00cac28d216db20efe40f/websockets-16.1-cp314-cp314-win32.whl", hash = "sha256:b8ef8b1c8d6bd029a475ac432e730fba2dfd456715d26c473e2a82291024b99c", size = 179822, upload-time = "2026-07-10T06:32:20.233Z" },
    { url = "https://pypi.tuna.tsinghua.edu.cn/packages/9d/37/2a8cb0eaddee5eaebda47a90a3ba0898d1ce3d866b02a4857fea17d82e5b/websockets-16.1-cp314-cp314-win_amd64.whl", hash = "sha256:7358ff21632b5d062707f73e859c824f1c3807e73d8ca25e71caca7c4cdcf145", size = 180167, upload-time = "2026-07-10T06:32:21.749Z" },
    { url = "https://pypi.tuna.tsinghua.edu.cn/packages/07/5a/262ad5fcaef4198997b165060f09a63f861e76939b1786ab546ccc3f8120/websockets-16.1-cp314-cp314t-macosx_10_15_universal2.whl", hash = "sha256:d0f38f4c3e9b359e257c339c2cc1967ccaeedb102e57c1c986bdce4bf4f32268", size = 180166, upload-time = "2026-07-10T06:32:23.278Z" },
    { url = "https://pypi.tuna.tsinghua.edu.cn/packages/1a/c7/36377db690f4292826e4501a6dec2801dc55fd1cf0405923b04937e478df/websockets-16.1-cp314-cp314t-macosx_10_15_x86_64.whl", hash = "sha256:3c3d2cbd1602593bad49bd86fa3fbb25407d87a3b4bf8857c0ac5ac4914e1901", size = 177697, upload-time = "2026-07-10T06:32:25.164Z" },
    { url = "https://pypi.tuna.tsinghua.edu.cn/packages/fa/c7/07171abce1e39799a76f473608580fe98bd43a1230f5146159622c02bccf/websockets-16.1-cp314-cp314t-macosx_11_0_arm64.whl", hash = "sha256:36069b74671e7e667f48a7484249f84c45a825a134c8b1bdc01875d0daa10d79", size = 177902, upload-time = "2026-07-10T06:32:26.564Z" },
    { url = "https://pypi.tuna.tsinghua.edu.cn/packages/14/17/c831f48e250bc4749f57c00dcce73337c41cd32f6d59a64567b84e782601/websockets-16.1-cp314-cp314t-manylinux1_x86_64.manylinux_2_28_x86_64.manylinux_2_5_x86_64.whl", hash = "sha256:587f83c2ce8a5d628e166384d77fa7f0ac69b9007d515ab442123e6615aa8da3", size = 187766, upload-time = "2026-07-10T06:32:27.981Z" },
    { url = "https://pypi.tuna.tsinghua.edu.cn/packages/2c/2e/4dfe63e245b0ecfaf470cf082d25c6ce35808159135fd88c82653a6b11ab/websockets-16.1-cp314-cp314t-manylinux2014_aarch64.manylinux_2_17_aarch64.manylinux_2_28_aarch64.whl", hash = "sha256:4a6db7972d52bc1b66cefe2246902e256cbaebc9ba8a45eac09343d7eb6671b2", size = 188939, upload-time = "2026-07-10T06:32:29.365Z" },
    { url = "https://pypi.tuna.tsinghua.edu.cn/packages/ba/e5/5faf65aebd9562f6b4bc473d24ce38cc56f84eb5f5bee66ed9b86733f93c/websockets-16.1-cp314-cp314t-manylinux2014_armv7l.manylinux_2_17_armv7l.manylinux_2_31_armv7l.whl", hash = "sha256:e7d6014888a0632e1ed7a4095248bb3095232999447f2d83bfb1900987dd9ed9", size = 191081, upload-time = "2026-07-10T06:32:30.868Z" },
    { url = "https://pypi.tuna.tsinghua.edu.cn/packages/49/cd/2634f2f2c0556c1aae6501ed6840019cc569dd6fdbcac6494378daea4dc0/websockets-16.1-cp314-cp314t-manylinux2014_ppc64le.manylinux_2_17_ppc64le.manylinux_2_28_ppc64le.whl", hash = "sha256:9cb074d150e4ad2a77aa8a332c2be85f3f64f2681519d2570c1225c12c9821ff", size = 189513, upload-time = "2026-07-10T06:32:32.399Z" },
    { url = "https://pypi.tuna.tsinghua.edu.cn/packages/59/bb/2c700b51196104f09715b326b1f092ed25326bdf79a03e00a4842e503743/websockets-16.1-cp314-cp314t-manylinux2014_s390x.manylinux_2_17_s390x.manylinux_2_28_s390x.whl", hash = "sha256:d19c9067e1fe9490f974bffbc0e443b80a7674c5efb4980c429cc00771f07c5a", size = 188240, upload-time = "2026-07-10T06:32:33.897Z" },
    { url = "https://pypi.tuna.tsinghua.edu.cn/packages/f1/20/86283636e499a1a357fa9441f690ba34f255e731f2fea174132b3b762b57/websockets-16.1-cp314-cp314t-manylinux_2_31_riscv64.manylinux_2_39_riscv64.whl", hash = "sha256:d440ff0c6c7469ad59c0a412c383c235935b43635e89425e3f6a0c36de90c31b", size = 185955, upload-time = "2026-07-10T06:32:35.279Z" },
    { url = "https://pypi.tuna.tsinghua.edu.cn/packages/91/23/d7fb734b0095d43bc7f1c9f68afd50adb4176e7e513403e8c70ad7daa4fa/websockets-16.1-cp314-cp314t-musllinux_1_2_aarch64.whl", hash = "sha256:8613129a2533f08de24505e69a3e403cedaadae49abdb043c4d170ca71b7e4bd", size = 188491, upload-time = "2026-07-10T06:32:36.673Z" },
    { url = "https://pypi.tuna.tsinghua.edu.cn/packages/6a/5e/168a192689db468405ecf3b8e4a2c18811936b0724d017ad7e6d252734f0/websockets-16.1-cp314-cp314t-musllinux_1_2_armv7l.whl", hash = "sha256:a5bf9c23f197b4ec88290fd5463f33db67362a1bb10f85fc2e8e7627f0ddab97", size = 186983, upload-time = "2026-07-10T06:32:38.207Z" },
    { url = "https://pypi.tuna.tsinghua.edu.cn/packages/7e/9b/66795fa91ebe49019ebe4fa910282172252e37046b80e08fc52e0c365150/websockets-16.1-cp314-cp314t-musllinux_1_2_ppc64le.whl", hash = "sha256:520b0fd0395f075febb283c76755af724ab9fd19dffa4f3bfd18cb4e622790a3", size = 188890, upload-time = "2026-07-10T06:32:39.545Z" },
    { url = "https://pypi.tuna.tsinghua.edu.cn/packages/5a/32/126bbc844be5afb3613fd43211dac10a9645f4cf39741d04acaa2ec7030c/websockets-16.1-cp314-cp314t-musllinux_1_2_riscv64.whl", hash = "sha256:7143aa09a67e1c013be44e81a88dfe90fc6244198ab86c7edd064152cf619805", size = 186583, upload-time = "2026-07-10T06:32:41.038Z" },
    { url = "https://pypi.tuna.tsinghua.edu.cn/packages/22/b9/0b5db9cbcf6e4970db4496893244a8d92e07f71a8ef27cf34b08aa02fef1/websockets-16.1-cp314-cp314t-musllinux_1_2_s390x.whl", hash = "sha256:7acb811fad08e611755800d1560e395c67e11a6bd563598ea6abb319afb86938", size = 187353, upload-time = "2026-07-10T06:32:42.501Z" },
    { url = "https://pypi.tuna.tsinghua.edu.cn/packages/99/2e/254b2131a10d831b76e2c18dfe7add9729c6292c674a8085bf8de01ad151/websockets-16.1-cp314-cp314t-musllinux_1_2_x86_64.whl", hash = "sha256:c5cf88e3faa2f7931bc6baeee7599c97656a3f6ac7f831f4fccba233e141783a", size = 187784, upload-time = "2026-07-10T06:32:43.929Z" },
    { url = "https://pypi.tuna.tsinghua.edu.cn/packages/21/dc/e7288aa8e3ac5a88a0924619984d663c1abf2a87d0ea98290c66fdaee0ec/websockets-16.1-cp314-cp314t-win32.whl", hash = "sha256:589f8842521c8307684ce0b40ce4ad70c5e0aa46484c6f1225a94ef4b8970341", size = 179947, upload-time = "2026-07-10T06:32:45.495Z" },
    { url = "https://pypi.tuna.tsinghua.edu.cn/packages/d3/de/37edf1260ff0fbbd2f82433489c4cfbe799ac2ff21355331609879329fe6/websockets-16.1-cp314-cp314t-win_amd64.whl", hash = "sha256:2c0e0857c30bbbc2bb5c30687508f0b7ec19aa026cd9f2ff8424d0fee42dcc07", size = 180291, upload-time = "2026-07-10T06:32:47.119Z" },
    { url = "https://pypi.tuna.tsinghua.edu.cn/packages/66/58/bd83247f39ddc26ffc2c24eb05087a3b749e00cb4509fc6d19daa23c8495/websockets-16.1-py3-none-any.whl", hash = "sha256:c5149dfe490ec7e5ee5dbf624c642fb725f93a5575c7f00ab594ca9eddb8dd81", size = 174031, upload-time = "2026-07-10T06:32:56.079Z" },
]
